
Microsoft Visual Studio Solution File, Format Version 12.00
# Visual Studio Version 17
VisualStudioVersion = 17.0.31521.260
MinimumVisualStudioVersion = 10.0.40219.1
Project("{9A19103F-16F7-4668-BE54-9A1E7A4F7556}") = "AspNet6VueStarter", "AspNet6VueStarter.csproj", "{6A4A9CF4-59EF-4BF8-8A33-B091FF834E4D}"
EndProject
Project("{2150E333-8FDC-42A3-9474-1A3956D46DE8}") = "Solution Items", "Solution Items", "{F77D5414-02C2-4855-9DF1-37CD27DCCB0B}"
	ProjectSection(SolutionItems) = preProject
		.editorconfig = .editorconfig
	EndProjectSection
EndProject
Global
	GlobalSection(SolutionConfigurationPlatforms) = preSolution
		Debug|Any CPU = Debug|Any CPU
		Release|Any CPU = Release|Any CPU
	EndGlobalSection
	GlobalSection(ProjectConfigurationPlatforms) = postSolution
		{6A4A9CF4-59EF-4BF8-8A33-B091FF834E4D}.Debug|Any CPU.ActiveCfg = Debug|Any CPU
		{6A4A9CF4-59EF-4BF8-8A33-B091FF834E4D}.Debug|Any CPU.Build.0 = Debug|Any CPU
		{6A4A9CF4-59EF-4BF8-8A33-B091FF834E4D}.Release|Any CPU.ActiveCfg = Release|Any CPU
		{6A4A9CF4-59EF-4BF8-8A33-B091FF834E4D}.Release|Any CPU.Build.0 = Release|Any CPU
	EndGlobalSection
	GlobalSection(SolutionProperties) = preSolution
		HideSolutionNode = FALSE
	EndGlobalSection
	GlobalSection(ExtensibilityGlobals) = postSolution
		SolutionGuid = {AEBB5201-06B1-4DD9-B849-0DC927A1F44D}
	EndGlobalSection
EndGlobal
